
Microsoft Visual Studio Solution File, Format Version 12.00
# Visual Studio Version 17
VisualStudioVersion = 17.0.31903.59
MinimumVisualStudioVersion = 10.0.40219.1
Project("{2150E333-8FDC-42A3-9474-1A3956D46DE8}") = "src", "src", "{827E0CD3-B72D-47B6-A68D-7590B98EB39B}"
EndProject
Project("{FAE04EC0-301F-11D3-BF4B-00C04F79EFBC}") = "mediatr_mineown.console", "src\mediatr_mineown.console\mediatr_mineown.console.csproj", "{D978E0E6-B09E-4A99-9D38-8D3F73CCA083}"
EndProject
Project("{FAE04EC0-301F-11D3-BF4B-00C04F79EFBC}") = "mediatr_mineown.cqrs", "src\mediatr_mineown.cqrs\mediatr_mineown.cqrs.csproj", "{25F1E1E8-984C-4D8E-A4C6-B2B2AC323E21}"
EndProject
Global
	GlobalSection(SolutionConfigurationPlatforms) = preSolution
		Debug|Any CPU = Debug|Any CPU
		Debug|x64 = Debug|x64
		Debug|x86 = Debug|x86
		Release|Any CPU = Release|Any CPU
		Release|x64 = Release|x64
		Release|x86 = Release|x86
	EndGlobalSection
	GlobalSection(ProjectConfigurationPlatforms) = postSolution
		{D978E0E6-B09E-4A99-9D38-8D3F73CCA083}.Debug|Any CPU.ActiveCfg = Debug|Any CPU
		{D978E0E6-B09E-4A99-9D38-8D3F73CCA083}.Debug|Any CPU.Build.0 = Debug|Any CPU
		{D978E0E6-B09E-4A99-9D38-8D3F73CCA083}.Debug|x64.ActiveCfg = Debug|Any CPU
		{D978E0E6-B09E-4A99-9D38-8D3F73CCA083}.Debug|x64.Build.0 = Debug|Any CPU
		{D978E0E6-B09E-4A99-9D38-8D3F73CCA083}.Debug|x86.ActiveCfg = Debug|Any CPU
		{D978E0E6-B09E-4A99-9D38-8D3F73CCA083}.Debug|x86.Build.0 = Debug|Any CPU
		{D978E0E6-B09E-4A99-9D38-8D3F73CCA083}.Release|Any CPU.ActiveCfg = Release|Any CPU
		{D978E0E6-B09E-4A99-9D38-8D3F73CCA083}.Release|Any CPU.Build.0 = Release|Any CPU
		{D978E0E6-B09E-4A99-9D38-8D3F73CCA083}.Release|x64.ActiveCfg = Release|Any CPU
		{D978E0E6-B09E-4A99-9D38-8D3F73CCA083}.Release|x64.Build.0 = Release|Any CPU
		{D978E0E6-B09E-4A99-9D38-8D3F73CCA083}.Release|x86.ActiveCfg = Release|Any CPU
		{D978E0E6-B09E-4A99-9D38-8D3F73CCA083}.Release|x86.Build.0 = Release|Any CPU
		{25F1E1E8-984C-4D8E-A4C6-B2B2AC323E21}.Debug|Any CPU.ActiveCfg = Debug|Any CPU
		{25F1E1E8-984C-4D8E-A4C6-B2B2AC323E21}.Debug|Any CPU.Build.0 = Debug|Any CPU
		{25F1E1E8-984C-4D8E-A4C6-B2B2AC323E21}.Debug|x64.ActiveCfg = Debug|Any CPU
		{25F1E1E8-984C-4D8E-A4C6-B2B2AC323E21}.Debug|x64.Build.0 = Debug|Any CPU
		{25F1E1E8-984C-4D8E-A4C6-B2B2AC323E21}.Debug|x86.ActiveCfg = Debug|Any CPU
		{25F1E1E8-984C-4D8E-A4C6-B2B2AC323E21}.Debug|x86.Build.0 = Debug|Any CPU
		{25F1E1E8-984C-4D8E-A4C6-B2B2AC323E21}.Release|Any CPU.ActiveCfg = Release|Any CPU
		{25F1E1E8-984C-4D8E-A4C6-B2B2AC323E21}.Release|Any CPU.Build.0 = Release|Any CPU
		{25F1E1E8-984C-4D8E-A4C6-B2B2AC323E21}.Release|x64.ActiveCfg = Release|Any CPU
		{25F1E1E8-984C-4D8E-A4C6-B2B2AC323E21}.Release|x64.Build.0 = Release|Any CPU
		{25F1E1E8-984C-4D8E-A4C6-B2B2AC323E21}.Release|x86.ActiveCfg = Release|Any CPU
		{25F1E1E8-984C-4D8E-A4C6-B2B2AC323E21}.Release|x86.Build.0 = Release|Any CPU
	EndGlobalSection
	GlobalSection(SolutionProperties) = preSolution
		HideSolutionNode = FALSE
	EndGlobalSection
	GlobalSection(NestedProjects) = preSolution
		{D978E0E6-B09E-4A99-9D38-8D3F73CCA083} = {827E0CD3-B72D-47B6-A68D-7590B98EB39B}
		{25F1E1E8-984C-4D8E-A4C6-B2B2AC323E21} = {827E0CD3-B72D-47B6-A68D-7590B98EB39B}
	EndGlobalSection
EndGlobal
